
Microsoft Visual Studio Solution File, Format Version 12.00
# Visual Studio Version 17
VisualStudioVersion = 17.0.32112.339
MinimumVisualStudioVersion = 10.0.40219.1
Project("{FAE04EC0-301F-11D3-BF4B-00C04F79EFBC}") = "9-1__Pig", "9-1__Pig\9-1__Pig.csproj", "{2C1A36FE-6FE6-41DE-8999-01515F0E9FE5}"
EndProject
Global
	GlobalSection(SolutionConfigurationPlatforms) = preSolution
		Debug|Any CPU = Debug|Any CPU
		Release|Any CPU = Release|Any CPU
	EndGlobalSection
	GlobalSection(ProjectConfigurationPlatforms) = postSolution
		{2C1A36FE-6FE6-41DE-8999-01515F0E9FE5}.Debug|Any CPU.ActiveCfg = Debug|Any CPU
		{2C1A36FE-6FE6-41DE-8999-01515F0E9FE5}.Debug|Any CPU.Build.0 = Debug|Any CPU
		{2C1A36FE-6FE6-41DE-8999-01515F0E9FE5}.Release|Any CPU.ActiveCfg = Release|Any CPU
		{2C1A36FE-6FE6-41DE-8999-01515F0E9FE5}.Release|Any CPU.Build.0 = Release|Any CPU
	EndGlobalSection
	GlobalSection(SolutionProperties) = preSolution
		HideSolutionNode = FALSE
	EndGlobalSection
	GlobalSection(ExtensibilityGlobals) = postSolution
		SolutionGuid = {BE7810E0-2943-4439-AFDD-CE91D0221D51}
	EndGlobalSection
EndGlobal
